
Microsoft Visual Studio Solution File, Format Version 12.00
# Visual Studio Version 17
VisualStudioVersion = 17.10.34916.146
MinimumVisualStudioVersion = 10.0.40219.1
Project("{FAE04EC0-301F-11D3-BF4B-00C04F79EFBC}") = "WebApplication1", "WebApplication1\WebApplication1.csproj", "{AA7873C5-1B62-461D-9C34-5D4F2B1A22CD}"
EndProject
Global
	GlobalSection(SolutionConfigurationPlatforms) = preSolution
		Debug|Any CPU = Debug|Any CPU
		Release|Any CPU = Release|Any CPU
	EndGlobalSection
	GlobalSection(ProjectConfigurationPlatforms) = postSolution
		{AA7873C5-1B62-461D-9C34-5D4F2B1A22CD}.Debug|Any CPU.ActiveCfg = Debug|Any CPU
		{AA7873C5-1B62-461D-9C34-5D4F2B1A22CD}.Debug|Any CPU.Build.0 = Debug|Any CPU
		{AA7873C5-1B62-461D-9C34-5D4F2B1A22CD}.Release|Any CPU.ActiveCfg = Release|Any CPU
		{AA7873C5-1B62-461D-9C34-5D4F2B1A22CD}.Release|Any CPU.Build.0 = Release|Any CPU
	EndGlobalSection
	GlobalSection(SolutionProperties) = preSolution
		HideSolutionNode = FALSE
	EndGlobalSection
	GlobalSection(ExtensibilityGlobals) = postSolution
		SolutionGuid = {26F89E18-1D7D-452B-A4FE-AAF6BFFFB008}
	EndGlobalSection
EndGlobal
